<?xml version="1.0" encoding="utf-8"?>
<Project ToolsVersion="4.0" xmlns="http://schemas.microsoft.com/developer/msbuild/2003">
  <ItemGroup>
    <Filter Include="Game">
      <UniqueIdentifier>{537df921-fad6-46ed-baa1-1840c0b6d3d8}</UniqueIdentifier>
    </Filter>
    <Filter Include="Shader">
      <UniqueIdentifier>{ec0a9760-a215-4ac6-985f-9201ed5063ab}</UniqueIdentifier>
    </Filter>
    <Filter Include="System">
      <UniqueIdentifier>{b1106cd0-ef19-4922-bf49-97075fe760d4}</UniqueIdentifier>
    </Filter>
  </ItemGroup>
  <ItemGroup>
    <ClInclude Include="src\define.h" />
    <ClInclude Include="src\main.h" />
    <ClInclude Include="src\System\Direct3D12.h">
      <Filter>System</Filter>
    </ClInclude>
  </ItemGroup>
  <ItemGroup>
    <ClCompile Include="src\main.cpp" />
  </ItemGroup>
  <ItemGroup>
    <FxCompile Include="data\Shader\BasicPixelShader.hlsl">
      <Filter>Shader</Filter>
    </FxCompile>
    <FxCompile Include="data\Shader\BasicVertexShader.hlsl">
      <Filter>Shader</Filter>
    </FxCompile>
  </ItemGroup>
  <ItemGroup>
    <None Include="data\Shader\BasicShaderHeader.hlsli">
      <Filter>Shader</Filter>
    </None>
  </ItemGroup>
</Project>