
Microsoft Visual Studio Solution File, Format Version 12.00
# Visual Studio Version 17
VisualStudioVersion = 17.13.35818.85
MinimumVisualStudioVersion = 10.0.40219.1
Project("{8BC9CEB8-8B4A-11D0-8D11-00A0C91BC942}") = "DX12_Project", "DX12_Project.vcxproj", "{7850CDD8-65D9-4B7E-8BDC-51D51C7898AF}"
EndProject
Global
	GlobalSection(SolutionConfigurationPlatforms) = preSolution
		Debug|x64 = Debug|x64
		Release|x64 = Release|x64
	EndGlobalSection
	GlobalSection(ProjectConfigurationPlatforms) = postSolution
		{7850CDD8-65D9-4B7E-8BDC-51D51C7898AF}.Debug|x64.ActiveCfg = Debug|x64
		{7850CDD8-65D9-4B7E-8BDC-51D51C7898AF}.Debug|x64.Build.0 = Debug|x64
		{7850CDD8-65D9-4B7E-8BDC-51D51C7898AF}.Release|x64.ActiveCfg = Release|x64
		{7850CDD8-65D9-4B7E-8BDC-51D51C7898AF}.Release|x64.Build.0 = Release|x64
	EndGlobalSection
	GlobalSection(SolutionProperties) = preSolution
		HideSolutionNode = FALSE
	EndGlobalSection
	GlobalSection(ExtensibilityGlobals) = postSolution
		SolutionGuid = {4EE53DBF-961D-4B25-B46D-15AA05B3183A}
	EndGlobalSection
EndGlobal
